
Microsoft Visual Studio Solution File, Format Version 12.00
# Visual Studio Version 17
VisualStudioVersion = 17.14.36518.9
MinimumVisualStudioVersion = 10.0.40219.1
Project("{2150E333-8FDC-42A3-9474-1A3956D46DE8}") = "Solution Items", "Solution Items", "{8EC462FD-D22E-90A8-E5CE-7E832BA40C5D}"
	ProjectSection(SolutionItems) = preProject
		.gitignore = .gitignore
		.github\workflows\ci.yml = .github\workflows\ci.yml
		docker-compose.yml = docker-compose.yml
		README.md = README.md
	EndProjectSection
EndProject
Project("{2150E333-8FDC-42A3-9474-1A3956D46DE8}") = "tests", "tests", "{02EA681E-C7D8-13C7-8484-4AC65E1B71E8}"
EndProject
Project("{2150E333-8FDC-42A3-9474-1A3956D46DE8}") = "src", "src", "{A4E17868-8DB5-4AF3-ADED-8297D6F87DA1}"
EndProject
Project("{2150E333-8FDC-42A3-9474-1A3956D46DE8}") = "Modules", "Modules", "{94FD03D1-4863-40CE-ADDB-C875AD9766D6}"
EndProject
Project("{FAE04EC0-301F-11D3-BF4B-00C04F79EFBC}") = "CreateInvoiceSystem.Abstractions", "src\CreateInvoiceSystem.Abstractions\CreateInvoiceSystem.Abstractions.csproj", "{F1D40D15-2A9D-7404-96CF-1ED58CAB725F}"
EndProject
Project("{FAE04EC0-301F-11D3-BF4B-00C04F79EFBC}") = "CreateInvoiceSystem.API", "src\CreateInvoiceSystem.API\CreateInvoiceSystem.API.csproj", "{C8D7E3A3-B910-82F0-7960-262D6F157FE8}"
EndProject
Project("{FAE04EC0-301F-11D3-BF4B-00C04F79EFBC}") = "CreateInvoiceSystem.Identity", "src\CreateInvoiceSystem.Identity\CreateInvoiceSystem.Identity.csproj", "{259B550C-6767-5CF7-57BF-17C71A265F60}"
EndProject
Project("{FAE04EC0-301F-11D3-BF4B-00C04F79EFBC}") = "CreateInvoiceSystem.Persistence", "src\CreateInvoiceSystem.Persistence\CreateInvoiceSystem.Persistence.csproj", "{0F0AF1EE-E253-ADF1-591C-E1F998F8EC74}"
EndProject
Project("{FAE04EC0-301F-11D3-BF4B-00C04F79EFBC}") = "CreateInvoiceSystem.BuildTests", "test\CreateInvoiceSystem.BuildTests\CreateInvoiceSystem.BuildTests.csproj", "{0735F4FE-5604-9BA1-DD88-05631C1EE9F4}"
EndProject
Project("{FAE04EC0-301F-11D3-BF4B-00C04F79EFBC}") = "CreateInvoiceSystem.Persistence.Seed.Mock", "src\CreateInvoiceSystem.Persistence.Seed.Mock\CreateInvoiceSystem.Persistence.Seed.Mock.csproj", "{E488EAC0-E847-4BAC-B664-56D1093D0B99}"
EndProject
Project("{2150E333-8FDC-42A3-9474-1A3956D46DE8}") = "Addresses", "Addresses", "{8B39CE1A-614C-4126-BCCE-2318A52102B2}"
EndProject
Project("{2150E333-8FDC-42A3-9474-1A3956D46DE8}") = "Clients", "Clients", "{00199A5B-E5FA-4170-BD53-7DD5C49EA213}"
EndProject
Project("{2150E333-8FDC-42A3-9474-1A3956D46DE8}") = "Products", "Products", "{E86C2292-7DBC-4719-831E-9ABF5E02A11E}"
EndProject
Project("{2150E333-8FDC-42A3-9474-1A3956D46DE8}") = "Invoices", "Invoices", "{E412C35B-36E7-4F8C-AB73-48C3918B8E56}"
EndProject
Project("{2150E333-8FDC-42A3-9474-1A3956D46DE8}") = "InvoicePositions", "InvoicePositions", "{7E1DD908-0BE3-4822-9395-7B354B06D39C}"
EndProject
Project("{2150E333-8FDC-42A3-9474-1A3956D46DE8}") = "NbpRates", "NbpRates", "{F75C747E-5368-413E-A183-43F13E31AD3A}"
EndProject
Project("{2150E333-8FDC-42A3-9474-1A3956D46DE8}") = "Users", "Users", "{DEDED09B-90EB-4D98-9A0B-C94D09DEF50D}"
EndProject
Project("{FAE04EC0-301F-11D3-BF4B-00C04F79EFBC}") = "CreateInvoiceSystem.Modules.Addresses.Persistence", "src\Modules\CreateInvoiceSystem.Modules.Addresses.Persistence\CreateInvoiceSystem.Modules.Addresses.Persistence.csproj", "{16942D58-2EE7-4418-B9D0-DF5E7510AFA7}"
EndProject
Project("{FAE04EC0-301F-11D3-BF4B-00C04F79EFBC}") = "CreateInvoiceSystem.Modules.Clients.Domain", "src\Modules\CreateInvoiceSystem.Modules.Clients.Domain\CreateInvoiceSystem.Modules.Clients.Domain.csproj", "{D21AF8E6-F55B-6D9B-61F6-A8B56B64261A}"
EndProject
Project("{FAE04EC0-301F-11D3-BF4B-00C04F79EFBC}") = "CreateInvoiceSystem.Modules.InvoicePositions.Persistence", "src\Modules\CreateInvoiceSystem.Modules.InvoicePositions.Persistence\CreateInvoiceSystem.Modules.InvoicePositions.Persistence.csproj", "{3CA76378-B7CF-D2A0-04A9-841C0881E78E}"
EndProject
Project("{FAE04EC0-301F-11D3-BF4B-00C04F79EFBC}") = "CreateInvoiceSystem.Modules.Invoices.Domain", "src\Modules\CreateInvoiceSystem.Modules.Invoices.Domain\CreateInvoiceSystem.Modules.Invoices.Domain.csproj", "{D2FABE55-E39C-ADBC-6422-13DAB9BEC930}"
EndProject
Project("{FAE04EC0-301F-11D3-BF4B-00C04F79EFBC}") = "CreateInvoiceSystem.Modules.Invoices.Persistence", "src\Modules\CreateInvoiceSystem.Modules.Invoices.Persistence\CreateInvoiceSystem.Modules.Invoices.Persistence.csproj", "{57A872BA-E005-59C4-B8A4-018147439802}"
EndProject
Project("{FAE04EC0-301F-11D3-BF4B-00C04F79EFBC}") = "CreateInvoiceSystem.Modules.Nbp.Domain", "src\Modules\CreateInvoiceSystem.Modules.Nbp.Domain\CreateInvoiceSystem.Modules.Nbp.Domain.csproj", "{8F8D254F-1B5D-5505-98D3-AB43284E7131}"
EndProject
Project("{FAE04EC0-301F-11D3-BF4B-00C04F79EFBC}") = "CreateInvoiceSystem.Modules.Products.Domain", "src\Modules\CreateInvoiceSystem.Modules.Product.Domain\CreateInvoiceSystem.Modules.Products.Domain.csproj", "{EFBF3132-4AAF-DC16-5369-6389B2C5FE57}"
EndProject
Project("{FAE04EC0-301F-11D3-BF4B-00C04F79EFBC}") = "CreateInvoiceSystem.Modules.Products.Persistence", "src\Modules\CreateInvoiceSystem.Modules.Products..Persistence\CreateInvoiceSystem.Modules.Products.Persistence.csproj", "{1AF8A763-E42D-19E2-2315-6431E5A59135}"
EndProject
Project("{FAE04EC0-301F-11D3-BF4B-00C04F79EFBC}") = "CreateInvoiceSystem.Modules.Users.Domain", "src\Modules\CreateInvoiceSystem.Modules.Users.Domain\CreateInvoiceSystem.Modules.Users.Domain.csproj", "{61932110-4E91-436A-516A-56D96842C157}"
EndProject
Project("{FAE04EC0-301F-11D3-BF4B-00C04F79EFBC}") = "CreateInvoiceSystem.Modules.Users.Persistence", "src\Modules\CreateInvoiceSystem.Modules.Users.Persistence\CreateInvoiceSystem.Modules.Users.Persistence.csproj", "{45AFB305-1931-199F-7C83-B5093706BF62}"
EndProject
Project("{FAE04EC0-301F-11D3-BF4B-00C04F79EFBC}") = "CreateInvoiceSystem.Modules.Clients.Persistence", "src\Modules\CreateInvoiceSystem.Modules.Clients.Persistence\CreateInvoiceSystem.Modules.Clients.Persistence.csproj", "{90118F3B-88DE-5546-B8F5-8A114EF7EE75}"
EndProject
Project("{FAE04EC0-301F-11D3-BF4B-00C04F79EFBC}") = "CreateInvoiceSystem.Mail", "src\CreateInvoiceSystem.Mail\CreateInvoiceSystem.Mail.csproj", "{30E0CFC6-F63D-2DB6-EF5E-3856432417B4}"
EndProject
Project("{FAE04EC0-301F-11D3-BF4B-00C04F79EFBC}") = "CreateInvoiceSystem.Csv", "src\CreateInvoiceSystem.Csv\CreateInvoiceSystem.Csv.csproj", "{D557D5C1-0B60-E73D-8968-80590ABB5E72}"
EndProject
Project("{FAE04EC0-301F-11D3-BF4B-00C04F79EFBC}") = "CreateInvoiceSystem.Pdf", "src\CreateInvoiceSystem.Pdf\CreateInvoiceSystem.Pdf.csproj", "{E5880E1E-AA9E-4E53-E1B3-731FC02FD85C}"
EndProject
Project("{FAE04EC0-301F-11D3-BF4B-00C04F79EFBC}") = "CreateInvoiceSystem.Frontend", "src\CreateInvoiceSystem.Frontend\CreateInvoiceSystem.Frontend.csproj", "{757C6544-BCD7-4AF6-B64F-1619856620E8}"
EndProject
Global
	GlobalSection(SolutionConfigurationPlatforms) = preSolution
		Debug|Any CPU = Debug|Any CPU
		Debug|x64 = Debug|x64
		Debug|x86 = Debug|x86
		Release|Any CPU = Release|Any CPU
		Release|x64 = Release|x64
		Release|x86 = Release|x86
	EndGlobalSection
	GlobalSection(ProjectConfigurationPlatforms) = postSolution
		{F1D40D15-2A9D-7404-96CF-1ED58CAB725F}.Debug|Any CPU.ActiveCfg = Debug|Any CPU
		{F1D40D15-2A9D-7404-96CF-1ED58CAB725F}.Debug|Any CPU.Build.0 = Debug|Any CPU
		{F1D40D15-2A9D-7404-96CF-1ED58CAB725F}.Debug|x64.ActiveCfg = Debug|Any CPU
		{F1D40D15-2A9D-7404-96CF-1ED58CAB725F}.Debug|x64.Build.0 = Debug|Any CPU
		{F1D40D15-2A9D-7404-96CF-1ED58CAB725F}.Debug|x86.ActiveCfg = Debug|Any CPU
		{F1D40D15-2A9D-7404-96CF-1ED58CAB725F}.Debug|x86.Build.0 = Debug|Any CPU
		{F1D40D15-2A9D-7404-96CF-1ED58CAB725F}.Release|Any CPU.ActiveCfg = Release|Any CPU
		{F1D40D15-2A9D-7404-96CF-1ED58CAB725F}.Release|Any CPU.Build.0 = Release|Any CPU
		{F1D40D15-2A9D-7404-96CF-1ED58CAB725F}.Release|x64.ActiveCfg = Release|Any CPU
		{F1D40D15-2A9D-7404-96CF-1ED58CAB725F}.Release|x64.Build.0 = Release|Any CPU
		{F1D40D15-2A9D-7404-96CF-1ED58CAB725F}.Release|x86.ActiveCfg = Release|Any CPU
		{F1D40D15-2A9D-7404-96CF-1ED58CAB725F}.Release|x86.Build.0 = Release|Any CPU
		{C8D7E3A3-B910-82F0-7960-262D6F157FE8}.Debug|Any CPU.ActiveCfg = Debug|Any CPU
		{C8D7E3A3-B910-82F0-7960-262D6F157FE8}.Debug|Any CPU.Build.0 = Debug|Any CPU
		{C8D7E3A3-B910-82F0-7960-262D6F157FE8}.Debug|x64.ActiveCfg = Debug|Any CPU
		{C8D7E3A3-B910-82F0-7960-262D6F157FE8}.Debug|x64.Build.0 = Debug|Any CPU
		{C8D7E3A3-B910-82F0-7960-262D6F157FE8}.Debug|x86.ActiveCfg = Debug|Any CPU
		{C8D7E3A3-B910-82F0-7960-262D6F157FE8}.Debug|x86.Build.0 = Debug|Any CPU
		{C8D7E3A3-B910-82F0-7960-262D6F157FE8}.Release|Any CPU.ActiveCfg = Release|Any CPU
		{C8D7E3A3-B910-82F0-7960-262D6F157FE8}.Release|Any CPU.Build.0 = Release|Any CPU
		{C8D7E3A3-B910-82F0-7960-262D6F157FE8}.Release|x64.ActiveCfg = Release|Any CPU
		{C8D7E3A3-B910-82F0-7960-262D6F157FE8}.Release|x64.Build.0 = Release|Any CPU
		{C8D7E3A3-B910-82F0-7960-262D6F157FE8}.Release|x86.ActiveCfg = Release|Any CPU
		{C8D7E3A3-B910-82F0-7960-262D6F157FE8}.Release|x86.Build.0 = Release|Any CPU
		{259B550C-6767-5CF7-57BF-17C71A265F60}.Debug|Any CPU.ActiveCfg = Debug|Any CPU
		{259B550C-6767-5CF7-57BF-17C71A265F60}.Debug|Any CPU.Build.0 = Debug|Any CPU
		{259B550C-6767-5CF7-57BF-17C71A265F60}.Debug|x64.ActiveCfg = Debug|Any CPU
		{259B550C-6767-5CF7-57BF-17C71A265F60}.Debug|x64.Build.0 = Debug|Any CPU
		{259B550C-6767-5CF7-57BF-17C71A265F60}.Debug|x86.ActiveCfg = Debug|Any CPU
		{259B550C-6767-5CF7-57BF-17C71A265F60}.Debug|x86.Build.0 = Debug|Any CPU
		{259B550C-6767-5CF7-57BF-17C71A265F60}.Release|Any CPU.ActiveCfg = Release|Any CPU
		{259B550C-6767-5CF7-57BF-17C71A265F60}.Release|Any CPU.Build.0 = Release|Any CPU
		{259B550C-6767-5CF7-57BF-17C71A265F60}.Release|x64.ActiveCfg = Release|Any CPU
		{259B550C-6767-5CF7-57BF-17C71A265F60}.Release|x64.Build.0 = Release|Any CPU
		{259B550C-6767-5CF7-57BF-17C71A265F60}.Release|x86.ActiveCfg = Release|Any CPU
		{259B550C-6767-5CF7-57BF-17C71A265F60}.Release|x86.Build.0 = Release|Any CPU
		{0F0AF1EE-E253-ADF1-591C-E1F998F8EC74}.Debug|Any CPU.ActiveCfg = Debug|Any CPU
		{0F0AF1EE-E253-ADF1-591C-E1F998F8EC74}.Debug|Any CPU.Build.0 = Debug|Any CPU
		{0F0AF1EE-E253-ADF1-591C-E1F998F8EC74}.Debug|x64.ActiveCfg = Debug|Any CPU
		{0F0AF1EE-E253-ADF1-591C-E1F998F8EC74}.Debug|x64.Build.0 = Debug|Any CPU
		{0F0AF1EE-E253-ADF1-591C-E1F998F8EC74}.Debug|x86.ActiveCfg = Debug|Any CPU
		{0F0AF1EE-E253-ADF1-591C-E1F998F8EC74}.Debug|x86.Build.0 = Debug|Any CPU
		{0F0AF1EE-E253-ADF1-591C-E1F998F8EC74}.Release|Any CPU.ActiveCfg = Release|Any CPU
		{0F0AF1EE-E253-ADF1-591C-E1F998F8EC74}.Release|Any CPU.Build.0 = Release|Any CPU
		{0F0AF1EE-E253-ADF1-591C-E1F998F8EC74}.Release|x64.ActiveCfg = Release|Any CPU
		{0F0AF1EE-E253-ADF1-591C-E1F998F8EC74}.Release|x64.Build.0 = Release|Any CPU
		{0F0AF1EE-E253-ADF1-591C-E1F998F8EC74}.Release|x86.ActiveCfg = Release|Any CPU
		{0F0AF1EE-E253-ADF1-591C-E1F998F8EC74}.Release|x86.Build.0 = Release|Any CPU
		{0735F4FE-5604-9BA1-DD88-05631C1EE9F4}.Debug|Any CPU.ActiveCfg = Debug|Any CPU
		{0735F4FE-5604-9BA1-DD88-05631C1EE9F4}.Debug|Any CPU.Build.0 = Debug|Any CPU
		{0735F4FE-5604-9BA1-DD88-05631C1EE9F4}.Debug|x64.ActiveCfg = Debug|Any CPU
		{0735F4FE-5604-9BA1-DD88-05631C1EE9F4}.Debug|x64.Build.0 = Debug|Any CPU
		{0735F4FE-5604-9BA1-DD88-05631C1EE9F4}.Debug|x86.ActiveCfg = Debug|Any CPU
		{0735F4FE-5604-9BA1-DD88-05631C1EE9F4}.Debug|x86.Build.0 = Debug|Any CPU
		{0735F4FE-5604-9BA1-DD88-05631C1EE9F4}.Release|Any CPU.ActiveCfg = Release|Any CPU
		{0735F4FE-5604-9BA1-DD88-05631C1EE9F4}.Release|Any CPU.Build.0 = Release|Any CPU
		{0735F4FE-5604-9BA1-DD88-05631C1EE9F4}.Release|x64.ActiveCfg = Release|Any CPU
		{0735F4FE-5604-9BA1-DD88-05631C1EE9F4}.Release|x64.Build.0 = Release|Any CPU
		{0735F4FE-5604-9BA1-DD88-05631C1EE9F4}.Release|x86.ActiveCfg = Release|Any CPU
		{0735F4FE-5604-9BA1-DD88-05631C1EE9F4}.Release|x86.Build.0 = Release|Any CPU
		{E488EAC0-E847-4BAC-B664-56D1093D0B99}.Debug|Any CPU.ActiveCfg = Debug|Any CPU
		{E488EAC0-E847-4BAC-B664-56D1093D0B99}.Debug|Any CPU.Build.0 = Debug|Any CPU
		{E488EAC0-E847-4BAC-B664-56D1093D0B99}.Debug|x64.ActiveCfg = Debug|Any CPU
		{E488EAC0-E847-4BAC-B664-56D1093D0B99}.Debug|x64.Build.0 = Debug|Any CPU
		{E488EAC0-E847-4BAC-B664-56D1093D0B99}.Debug|x86.ActiveCfg = Debug|Any CPU
		{E488EAC0-E847-4BAC-B664-56D1093D0B99}.Debug|x86.Build.0 = Debug|Any CPU
		{E488EAC0-E847-4BAC-B664-56D1093D0B99}.Release|Any CPU.ActiveCfg = Release|Any CPU
		{E488EAC0-E847-4BAC-B664-56D1093D0B99}.Release|Any CPU.Build.0 = Release|Any CPU
		{E488EAC0-E847-4BAC-B664-56D1093D0B99}.Release|x64.ActiveCfg = Release|Any CPU
		{E488EAC0-E847-4BAC-B664-56D1093D0B99}.Release|x64.Build.0 = Release|Any CPU
		{E488EAC0-E847-4BAC-B664-56D1093D0B99}.Release|x86.ActiveCfg = Release|Any CPU
		{E488EAC0-E847-4BAC-B664-56D1093D0B99}.Release|x86.Build.0 = Release|Any CPU
		{16942D58-2EE7-4418-B9D0-DF5E7510AFA7}.Debug|Any CPU.ActiveCfg = Debug|Any CPU
		{16942D58-2EE7-4418-B9D0-DF5E7510AFA7}.Debug|Any CPU.Build.0 = Debug|Any CPU
		{16942D58-2EE7-4418-B9D0-DF5E7510AFA7}.Debug|x64.ActiveCfg = Debug|Any CPU
		{16942D58-2EE7-4418-B9D0-DF5E7510AFA7}.Debug|x64.Build.0 = Debug|Any CPU
		{16942D58-2EE7-4418-B9D0-DF5E7510AFA7}.Debug|x86.ActiveCfg = Debug|Any CPU
		{16942D58-2EE7-4418-B9D0-DF5E7510AFA7}.Debug|x86.Build.0 = Debug|Any CPU
		{16942D58-2EE7-4418-B9D0-DF5E7510AFA7}.Release|Any CPU.ActiveCfg = Release|Any CPU
		{16942D58-2EE7-4418-B9D0-DF5E7510AFA7}.Release|Any CPU.Build.0 = Release|Any CPU
		{16942D58-2EE7-4418-B9D0-DF5E7510AFA7}.Release|x64.ActiveCfg = Release|Any CPU
		{16942D58-2EE7-4418-B9D0-DF5E7510AFA7}.Release|x64.Build.0 = Release|Any CPU
		{16942D58-2EE7-4418-B9D0-DF5E7510AFA7}.Release|x86.ActiveCfg = Release|Any CPU
		{16942D58-2EE7-4418-B9D0-DF5E7510AFA7}.Release|x86.Build.0 = Release|Any CPU
		{D21AF8E6-F55B-6D9B-61F6-A8B56B64261A}.Debug|Any CPU.ActiveCfg = Debug|Any CPU
		{D21AF8E6-F55B-6D9B-61F6-A8B56B64261A}.Debug|Any CPU.Build.0 = Debug|Any CPU
		{D21AF8E6-F55B-6D9B-61F6-A8B56B64261A}.Debug|x64.ActiveCfg = Debug|Any CPU
		{D21AF8E6-F55B-6D9B-61F6-A8B56B64261A}.Debug|x64.Build.0 = Debug|Any CPU
		{D21AF8E6-F55B-6D9B-61F6-A8B56B64261A}.Debug|x86.ActiveCfg = Debug|Any CPU
		{D21AF8E6-F55B-6D9B-61F6-A8B56B64261A}.Debug|x86.Build.0 = Debug|Any CPU
		{D21AF8E6-F55B-6D9B-61F6-A8B56B64261A}.Release|Any CPU.ActiveCfg = Release|Any CPU
		{D21AF8E6-F55B-6D9B-61F6-A8B56B64261A}.Release|Any CPU.Build.0 = Release|Any CPU
		{D21AF8E6-F55B-6D9B-61F6-A8B56B64261A}.Release|x64.ActiveCfg = Release|Any CPU
		{D21AF8E6-F55B-6D9B-61F6-A8B56B64261A}.Release|x64.Build.0 = Release|Any CPU
		{D21AF8E6-F55B-6D9B-61F6-A8B56B64261A}.Release|x86.ActiveCfg = Release|Any CPU
		{D21AF8E6-F55B-6D9B-61F6-A8B56B64261A}.Release|x86.Build.0 = Release|Any CPU
		{3CA76378-B7CF-D2A0-04A9-841C0881E78E}.Debug|Any CPU.ActiveCfg = Debug|Any CPU
		{3CA76378-B7CF-D2A0-04A9-841C0881E78E}.Debug|Any CPU.Build.0 = Debug|Any CPU
		{3CA76378-B7CF-D2A0-04A9-841C0881E78E}.Debug|x64.ActiveCfg = Debug|Any CPU
		{3CA76378-B7CF-D2A0-04A9-841C0881E78E}.Debug|x64.Build.0 = Debug|Any CPU
		{3CA76378-B7CF-D2A0-04A9-841C0881E78E}.Debug|x86.ActiveCfg = Debug|Any CPU
		{3CA76378-B7CF-D2A0-04A9-841C0881E78E}.Debug|x86.Build.0 = Debug|Any CPU
		{3CA76378-B7CF-D2A0-04A9-841C0881E78E}.Release|Any CPU.ActiveCfg = Release|Any CPU
		{3CA76378-B7CF-D2A0-04A9-841C0881E78E}.Release|Any CPU.Build.0 = Release|Any CPU
		{3CA76378-B7CF-D2A0-04A9-841C0881E78E}.Release|x64.ActiveCfg = Release|Any CPU
		{3CA76378-B7CF-D2A0-04A9-841C0881E78E}.Release|x64.Build.0 = Release|Any CPU
		{3CA76378-B7CF-D2A0-04A9-841C0881E78E}.Release|x86.ActiveCfg = Release|Any CPU
		{3CA76378-B7CF-D2A0-04A9-841C0881E78E}.Release|x86.Build.0 = Release|Any CPU
		{D2FABE55-E39C-ADBC-6422-13DAB9BEC930}.Debug|Any CPU.ActiveCfg = Debug|Any CPU
		{D2FABE55-E39C-ADBC-6422-13DAB9BEC930}.Debug|Any CPU.Build.0 = Debug|Any CPU
		{D2FABE55-E39C-ADBC-6422-13DAB9BEC930}.Debug|x64.ActiveCfg = Debug|Any CPU
		{D2FABE55-E39C-ADBC-6422-13DAB9BEC930}.Debug|x64.Build.0 = Debug|Any CPU
		{D2FABE55-E39C-ADBC-6422-13DAB9BEC930}.Debug|x86.ActiveCfg = Debug|Any CPU
		{D2FABE55-E39C-ADBC-6422-13DAB9BEC930}.Debug|x86.Build.0 = Debug|Any CPU
		{D2FABE55-E39C-ADBC-6422-13DAB9BEC930}.Release|Any CPU.ActiveCfg = Release|Any CPU
		{D2FABE55-E39C-ADBC-6422-13DAB9BEC930}.Release|Any CPU.Build.0 = Release|Any CPU
		{D2FABE55-E39C-ADBC-6422-13DAB9BEC930}.Release|x64.ActiveCfg = Release|Any CPU
		{D2FABE55-E39C-ADBC-6422-13DAB9BEC930}.Release|x64.Build.0 = Release|Any CPU
		{D2FABE55-E39C-ADBC-6422-13DAB9BEC930}.Release|x86.ActiveCfg = Release|Any CPU
		{D2FABE55-E39C-ADBC-6422-13DAB9BEC930}.Release|x86.Build.0 = Release|Any CPU
		{57A872BA-E005-59C4-B8A4-018147439802}.Debug|Any CPU.ActiveCfg = Debug|Any CPU
		{57A872BA-E005-59C4-B8A4-018147439802}.Debug|Any CPU.Build.0 = Debug|Any CPU
		{57A872BA-E005-59C4-B8A4-018147439802}.Debug|x64.ActiveCfg = Debug|Any CPU
		{57A872BA-E005-59C4-B8A4-018147439802}.Debug|x64.Build.0 = Debug|Any CPU
		{57A872BA-E005-59C4-B8A4-018147439802}.Debug|x86.ActiveCfg = Debug|Any CPU
		{57A872BA-E005-59C4-B8A4-018147439802}.Debug|x86.Build.0 = Debug|Any CPU
		{57A872BA-E005-59C4-B8A4-018147439802}.Release|Any CPU.ActiveCfg = Release|Any CPU
		{57A872BA-E005-59C4-B8A4-018147439802}.Release|Any CPU.Build.0 = Release|Any CPU
		{57A872BA-E005-59C4-B8A4-018147439802}.Release|x64.ActiveCfg = Release|Any CPU
		{57A872BA-E005-59C4-B8A4-018147439802}.Release|x64.Build.0 = Release|Any CPU
		{57A872BA-E005-59C4-B8A4-018147439802}.Release|x86.ActiveCfg = Release|Any CPU
		{57A872BA-E005-59C4-B8A4-018147439802}.Release|x86.Build.0 = Release|Any CPU
		{8F8D254F-1B5D-5505-98D3-AB43284E7131}.Debug|Any CPU.ActiveCfg = Debug|Any CPU
		{8F8D254F-1B5D-5505-98D3-AB43284E7131}.Debug|Any CPU.Build.0 = Debug|Any CPU
		{8F8D254F-1B5D-5505-98D3-AB43284E7131}.Debug|x64.ActiveCfg = Debug|Any CPU
		{8F8D254F-1B5D-5505-98D3-AB43284E7131}.Debug|x64.Build.0 = Debug|Any CPU
		{8F8D254F-1B5D-5505-98D3-AB43284E7131}.Debug|x86.ActiveCfg = Debug|Any CPU
		{8F8D254F-1B5D-5505-98D3-AB43284E7131}.Debug|x86.Build.0 = Debug|Any CPU
		{8F8D254F-1B5D-5505-98D3-AB43284E7131}.Release|Any CPU.ActiveCfg = Release|Any CPU
		{8F8D254F-1B5D-5505-98D3-AB43284E7131}.Release|Any CPU.Build.0 = Release|Any CPU
		{8F8D254F-1B5D-5505-98D3-AB43284E7131}.Release|x64.ActiveCfg = Release|Any CPU
		{8F8D254F-1B5D-5505-98D3-AB43284E7131}.Release|x64.Build.0 = Release|Any CPU
		{8F8D254F-1B5D-5505-98D3-AB43284E7131}.Release|x86.ActiveCfg = Release|Any CPU
		{8F8D254F-1B5D-5505-98D3-AB43284E7131}.Release|x86.Build.0 = Release|Any CPU
		{EFBF3132-4AAF-DC16-5369-6389B2C5FE57}.Debug|Any CPU.ActiveCfg = Debug|Any CPU
		{EFBF3132-4AAF-DC16-5369-6389B2C5FE57}.Debug|Any CPU.Build.0 = Debug|Any CPU
		{EFBF3132-4AAF-DC16-5369-6389B2C5FE57}.Debug|x64.ActiveCfg = Debug|Any CPU
		{EFBF3132-4AAF-DC16-5369-6389B2C5FE57}.Debug|x64.Build.0 = Debug|Any CPU
		{EFBF3132-4AAF-DC16-5369-6389B2C5FE57}.Debug|x86.ActiveCfg = Debug|Any CPU
		{EFBF3132-4AAF-DC16-5369-6389B2C5FE57}.Debug|x86.Build.0 = Debug|Any CPU
		{EFBF3132-4AAF-DC16-5369-6389B2C5FE57}.Release|Any CPU.ActiveCfg = Release|Any CPU
		{EFBF3132-4AAF-DC16-5369-6389B2C5FE57}.Release|Any CPU.Build.0 = Release|Any CPU
		{EFBF3132-4AAF-DC16-5369-6389B2C5FE57}.Release|x64.ActiveCfg = Release|Any CPU
		{EFBF3132-4AAF-DC16-5369-6389B2C5FE57}.Release|x64.Build.0 = Release|Any CPU
		{EFBF3132-4AAF-DC16-5369-6389B2C5FE57}.Release|x86.ActiveCfg = Release|Any CPU
		{EFBF3132-4AAF-DC16-5369-6389B2C5FE57}.Release|x86.Build.0 = Release|Any CPU
		{1AF8A763-E42D-19E2-2315-6431E5A59135}.Debug|Any CPU.ActiveCfg = Debug|Any CPU
		{1AF8A763-E42D-19E2-2315-6431E5A59135}.Debug|Any CPU.Build.0 = Debug|Any CPU
		{1AF8A763-E42D-19E2-2315-6431E5A59135}.Debug|x64.ActiveCfg = Debug|Any CPU
		{1AF8A763-E42D-19E2-2315-6431E5A59135}.Debug|x64.Build.0 = Debug|Any CPU
		{1AF8A763-E42D-19E2-2315-6431E5A59135}.Debug|x86.ActiveCfg = Debug|Any CPU
		{1AF8A763-E42D-19E2-2315-6431E5A59135}.Debug|x86.Build.0 = Debug|Any CPU
		{1AF8A763-E42D-19E2-2315-6431E5A59135}.Release|Any CPU.ActiveCfg = Release|Any CPU
		{1AF8A763-E42D-19E2-2315-6431E5A59135}.Release|Any CPU.Build.0 = Release|Any CPU
		{1AF8A763-E42D-19E2-2315-6431E5A59135}.Release|x64.ActiveCfg = Release|Any CPU
		{1AF8A763-E42D-19E2-2315-6431E5A59135}.Release|x64.Build.0 = Release|Any CPU
		{1AF8A763-E42D-19E2-2315-6431E5A59135}.Release|x86.ActiveCfg = Release|Any CPU
		{1AF8A763-E42D-19E2-2315-6431E5A59135}.Release|x86.Build.0 = Release|Any CPU
		{61932110-4E91-436A-516A-56D96842C157}.Debug|Any CPU.ActiveCfg = Debug|Any CPU
		{61932110-4E91-436A-516A-56D96842C157}.Debug|Any CPU.Build.0 = Debug|Any CPU
		{61932110-4E91-436A-516A-56D96842C157}.Debug|x64.ActiveCfg = Debug|Any CPU
		{61932110-4E91-436A-516A-56D96842C157}.Debug|x64.Build.0 = Debug|Any CPU
		{61932110-4E91-436A-516A-56D96842C157}.Debug|x86.ActiveCfg = Debug|Any CPU
		{61932110-4E91-436A-516A-56D96842C157}.Debug|x86.Build.0 = Debug|Any CPU
		{61932110-4E91-436A-516A-56D96842C157}.Release|Any CPU.ActiveCfg = Release|Any CPU
		{61932110-4E91-436A-516A-56D96842C157}.Release|Any CPU.Build.0 = Release|Any CPU
		{61932110-4E91-436A-516A-56D96842C157}.Release|x64.ActiveCfg = Release|Any CPU
		{61932110-4E91-436A-516A-56D96842C157}.Release|x64.Build.0 = Release|Any CPU
		{61932110-4E91-436A-516A-56D96842C157}.Release|x86.ActiveCfg = Release|Any CPU
		{61932110-4E91-436A-516A-56D96842C157}.Release|x86.Build.0 = Release|Any CPU
		{45AFB305-1931-199F-7C83-B5093706BF62}.Debug|Any CPU.ActiveCfg = Debug|Any CPU
		{45AFB305-1931-199F-7C83-B5093706BF62}.Debug|Any CPU.Build.0 = Debug|Any CPU
		{45AFB305-1931-199F-7C83-B5093706BF62}.Debug|x64.ActiveCfg = Debug|Any CPU
		{45AFB305-1931-199F-7C83-B5093706BF62}.Debug|x64.Build.0 = Debug|Any CPU
		{45AFB305-1931-199F-7C83-B5093706BF62}.Debug|x86.ActiveCfg = Debug|Any CPU
		{45AFB305-1931-199F-7C83-B5093706BF62}.Debug|x86.Build.0 = Debug|Any CPU
		{45AFB305-1931-199F-7C83-B5093706BF62}.Release|Any CPU.ActiveCfg = Release|Any CPU
		{45AFB305-1931-199F-7C83-B5093706BF62}.Release|Any CPU.Build.0 = Release|Any CPU
		{45AFB305-1931-199F-7C83-B5093706BF62}.Release|x64.ActiveCfg = Release|Any CPU
		{45AFB305-1931-199F-7C83-B5093706BF62}.Release|x64.Build.0 = Release|Any CPU
		{45AFB305-1931-199F-7C83-B5093706BF62}.Release|x86.ActiveCfg = Release|Any CPU
		{45AFB305-1931-199F-7C83-B5093706BF62}.Release|x86.Build.0 = Release|Any CPU
		{90118F3B-88DE-5546-B8F5-8A114EF7EE75}.Debug|Any CPU.ActiveCfg = Debug|Any CPU
		{90118F3B-88DE-5546-B8F5-8A114EF7EE75}.Debug|Any CPU.Build.0 = Debug|Any CPU
		{90118F3B-88DE-5546-B8F5-8A114EF7EE75}.Debug|x64.ActiveCfg = Debug|Any CPU
		{90118F3B-88DE-5546-B8F5-8A114EF7EE75}.Debug|x64.Build.0 = Debug|Any CPU
		{90118F3B-88DE-5546-B8F5-8A114EF7EE75}.Debug|x86.ActiveCfg = Debug|Any CPU
		{90118F3B-88DE-5546-B8F5-8A114EF7EE75}.Debug|x86.Build.0 = Debug|Any CPU
		{90118F3B-88DE-5546-B8F5-8A114EF7EE75}.Release|Any CPU.ActiveCfg = Release|Any CPU
		{90118F3B-88DE-5546-B8F5-8A114EF7EE75}.Release|Any CPU.Build.0 = Release|Any CPU
		{90118F3B-88DE-5546-B8F5-8A114EF7EE75}.Release|x64.ActiveCfg = Release|Any CPU
		{90118F3B-88DE-5546-B8F5-8A114EF7EE75}.Release|x64.Build.0 = Release|Any CPU
		{90118F3B-88DE-5546-B8F5-8A114EF7EE75}.Release|x86.ActiveCfg = Release|Any CPU
		{90118F3B-88DE-5546-B8F5-8A114EF7EE75}.Release|x86.Build.0 = Release|Any CPU
		{30E0CFC6-F63D-2DB6-EF5E-3856432417B4}.Debug|Any CPU.ActiveCfg = Debug|Any CPU
		{30E0CFC6-F63D-2DB6-EF5E-3856432417B4}.Debug|Any CPU.Build.0 = Debug|Any CPU
		{30E0CFC6-F63D-2DB6-EF5E-3856432417B4}.Debug|x64.ActiveCfg = Debug|Any CPU
		{30E0CFC6-F63D-2DB6-EF5E-3856432417B4}.Debug|x64.Build.0 = Debug|Any CPU
		{30E0CFC6-F63D-2DB6-EF5E-3856432417B4}.Debug|x86.ActiveCfg = Debug|Any CPU
		{30E0CFC6-F63D-2DB6-EF5E-3856432417B4}.Debug|x86.Build.0 = Debug|Any CPU
		{30E0CFC6-F63D-2DB6-EF5E-3856432417B4}.Release|Any CPU.ActiveCfg = Release|Any CPU
		{30E0CFC6-F63D-2DB6-EF5E-3856432417B4}.Release|Any CPU.Build.0 = Release|Any CPU
		{30E0CFC6-F63D-2DB6-EF5E-3856432417B4}.Release|x64.ActiveCfg = Release|Any CPU
		{30E0CFC6-F63D-2DB6-EF5E-3856432417B4}.Release|x64.Build.0 = Release|Any CPU
		{30E0CFC6-F63D-2DB6-EF5E-3856432417B4}.Release|x86.ActiveCfg = Release|Any CPU
		{30E0CFC6-F63D-2DB6-EF5E-3856432417B4}.Release|x86.Build.0 = Release|Any CPU
		{D557D5C1-0B60-E73D-8968-80590ABB5E72}.Debug|Any CPU.ActiveCfg = Debug|Any CPU
		{D557D5C1-0B60-E73D-8968-80590ABB5E72}.Debug|Any CPU.Build.0 = Debug|Any CPU
		{D557D5C1-0B60-E73D-8968-80590ABB5E72}.Debug|x64.ActiveCfg = Debug|Any CPU
		{D557D5C1-0B60-E73D-8968-80590ABB5E72}.Debug|x64.Build.0 = Debug|Any CPU
		{D557D5C1-0B60-E73D-8968-80590ABB5E72}.Debug|x86.ActiveCfg = Debug|Any CPU
		{D557D5C1-0B60-E73D-8968-80590ABB5E72}.Debug|x86.Build.0 = Debug|Any CPU
		{D557D5C1-0B60-E73D-8968-80590ABB5E72}.Release|Any CPU.ActiveCfg = Release|Any CPU
		{D557D5C1-0B60-E73D-8968-80590ABB5E72}.Release|Any CPU.Build.0 = Release|Any CPU
		{D557D5C1-0B60-E73D-8968-80590ABB5E72}.Release|x64.ActiveCfg = Release|Any CPU
		{D557D5C1-0B60-E73D-8968-80590ABB5E72}.Release|x64.Build.0 = Release|Any CPU
		{D557D5C1-0B60-E73D-8968-80590ABB5E72}.Release|x86.ActiveCfg = Release|Any CPU
		{D557D5C1-0B60-E73D-8968-80590ABB5E72}.Release|x86.Build.0 = Release|Any CPU
		{E5880E1E-AA9E-4E53-E1B3-731FC02FD85C}.Debug|Any CPU.ActiveCfg = Debug|Any CPU
		{E5880E1E-AA9E-4E53-E1B3-731FC02FD85C}.Debug|Any CPU.Build.0 = Debug|Any CPU
		{E5880E1E-AA9E-4E53-E1B3-731FC02FD85C}.Debug|x64.ActiveCfg = Debug|Any CPU
		{E5880E1E-AA9E-4E53-E1B3-731FC02FD85C}.Debug|x64.Build.0 = Debug|Any CPU
		{E5880E1E-AA9E-4E53-E1B3-731FC02FD85C}.Debug|x86.ActiveCfg = Debug|Any CPU
		{E5880E1E-AA9E-4E53-E1B3-731FC02FD85C}.Debug|x86.Build.0 = Debug|Any CPU
		{E5880E1E-AA9E-4E53-E1B3-731FC02FD85C}.Release|Any CPU.ActiveCfg = Release|Any CPU
		{E5880E1E-AA9E-4E53-E1B3-731FC02FD85C}.Release|Any CPU.Build.0 = Release|Any CPU
		{E5880E1E-AA9E-4E53-E1B3-731FC02FD85C}.Release|x64.ActiveCfg = Release|Any CPU
		{E5880E1E-AA9E-4E53-E1B3-731FC02FD85C}.Release|x64.Build.0 = Release|Any CPU
		{E5880E1E-AA9E-4E53-E1B3-731FC02FD85C}.Release|x86.ActiveCfg = Release|Any CPU
		{E5880E1E-AA9E-4E53-E1B3-731FC02FD85C}.Release|x86.Build.0 = Release|Any CPU
		{757C6544-BCD7-4AF6-B64F-1619856620E8}.Debug|Any CPU.ActiveCfg = Debug|Any CPU
		{757C6544-BCD7-4AF6-B64F-1619856620E8}.Debug|Any CPU.Build.0 = Debug|Any CPU
		{757C6544-BCD7-4AF6-B64F-1619856620E8}.Debug|x64.ActiveCfg = Debug|Any CPU
		{757C6544-BCD7-4AF6-B64F-1619856620E8}.Debug|x64.Build.0 = Debug|Any CPU
		{757C6544-BCD7-4AF6-B64F-1619856620E8}.Debug|x86.ActiveCfg = Debug|Any CPU
		{757C6544-BCD7-4AF6-B64F-1619856620E8}.Debug|x86.Build.0 = Debug|Any CPU
		{757C6544-BCD7-4AF6-B64F-1619856620E8}.Release|Any CPU.ActiveCfg = Release|Any CPU
		{757C6544-BCD7-4AF6-B64F-1619856620E8}.Release|Any CPU.Build.0 = Release|Any CPU
		{757C6544-BCD7-4AF6-B64F-1619856620E8}.Release|x64.ActiveCfg = Release|Any CPU
		{757C6544-BCD7-4AF6-B64F-1619856620E8}.Release|x64.Build.0 = Release|Any CPU
		{757C6544-BCD7-4AF6-B64F-1619856620E8}.Release|x86.ActiveCfg = Release|Any CPU
		{757C6544-BCD7-4AF6-B64F-1619856620E8}.Release|x86.Build.0 = Release|Any CPU
	EndGlobalSection
	GlobalSection(SolutionProperties) = preSolution
		HideSolutionNode = FALSE
	EndGlobalSection
	GlobalSection(NestedProjects) = preSolution
		{94FD03D1-4863-40CE-ADDB-C875AD9766D6} = {A4E17868-8DB5-4AF3-ADED-8297D6F87DA1}
		{F1D40D15-2A9D-7404-96CF-1ED58CAB725F} = {A4E17868-8DB5-4AF3-ADED-8297D6F87DA1}
		{C8D7E3A3-B910-82F0-7960-262D6F157FE8} = {A4E17868-8DB5-4AF3-ADED-8297D6F87DA1}
		{259B550C-6767-5CF7-57BF-17C71A265F60} = {A4E17868-8DB5-4AF3-ADED-8297D6F87DA1}
		{0F0AF1EE-E253-ADF1-591C-E1F998F8EC74} = {A4E17868-8DB5-4AF3-ADED-8297D6F87DA1}
		{0735F4FE-5604-9BA1-DD88-05631C1EE9F4} = {02EA681E-C7D8-13C7-8484-4AC65E1B71E8}
		{E488EAC0-E847-4BAC-B664-56D1093D0B99} = {A4E17868-8DB5-4AF3-ADED-8297D6F87DA1}
		{8B39CE1A-614C-4126-BCCE-2318A52102B2} = {94FD03D1-4863-40CE-ADDB-C875AD9766D6}
		{00199A5B-E5FA-4170-BD53-7DD5C49EA213} = {94FD03D1-4863-40CE-ADDB-C875AD9766D6}
		{E86C2292-7DBC-4719-831E-9ABF5E02A11E} = {94FD03D1-4863-40CE-ADDB-C875AD9766D6}
		{E412C35B-36E7-4F8C-AB73-48C3918B8E56} = {94FD03D1-4863-40CE-ADDB-C875AD9766D6}
		{7E1DD908-0BE3-4822-9395-7B354B06D39C} = {94FD03D1-4863-40CE-ADDB-C875AD9766D6}
		{F75C747E-5368-413E-A183-43F13E31AD3A} = {94FD03D1-4863-40CE-ADDB-C875AD9766D6}
		{DEDED09B-90EB-4D98-9A0B-C94D09DEF50D} = {94FD03D1-4863-40CE-ADDB-C875AD9766D6}
		{16942D58-2EE7-4418-B9D0-DF5E7510AFA7} = {8B39CE1A-614C-4126-BCCE-2318A52102B2}
		{D21AF8E6-F55B-6D9B-61F6-A8B56B64261A} = {00199A5B-E5FA-4170-BD53-7DD5C49EA213}
		{3CA76378-B7CF-D2A0-04A9-841C0881E78E} = {7E1DD908-0BE3-4822-9395-7B354B06D39C}
		{D2FABE55-E39C-ADBC-6422-13DAB9BEC930} = {E412C35B-36E7-4F8C-AB73-48C3918B8E56}
		{57A872BA-E005-59C4-B8A4-018147439802} = {E412C35B-36E7-4F8C-AB73-48C3918B8E56}
		{8F8D254F-1B5D-5505-98D3-AB43284E7131} = {F75C747E-5368-413E-A183-43F13E31AD3A}
		{EFBF3132-4AAF-DC16-5369-6389B2C5FE57} = {E86C2292-7DBC-4719-831E-9ABF5E02A11E}
		{1AF8A763-E42D-19E2-2315-6431E5A59135} = {E86C2292-7DBC-4719-831E-9ABF5E02A11E}
		{61932110-4E91-436A-516A-56D96842C157} = {DEDED09B-90EB-4D98-9A0B-C94D09DEF50D}
		{45AFB305-1931-199F-7C83-B5093706BF62} = {DEDED09B-90EB-4D98-9A0B-C94D09DEF50D}
		{90118F3B-88DE-5546-B8F5-8A114EF7EE75} = {00199A5B-E5FA-4170-BD53-7DD5C49EA213}
		{30E0CFC6-F63D-2DB6-EF5E-3856432417B4} = {A4E17868-8DB5-4AF3-ADED-8297D6F87DA1}
		{D557D5C1-0B60-E73D-8968-80590ABB5E72} = {A4E17868-8DB5-4AF3-ADED-8297D6F87DA1}
		{E5880E1E-AA9E-4E53-E1B3-731FC02FD85C} = {A4E17868-8DB5-4AF3-ADED-8297D6F87DA1}
		{757C6544-BCD7-4AF6-B64F-1619856620E8} = {A4E17868-8DB5-4AF3-ADED-8297D6F87DA1}
	EndGlobalSection
	GlobalSection(ExtensibilityGlobals) = postSolution
		SolutionGuid = {9B0B660D-CCA3-49AF-9023-8C1BC503EE00}
	EndGlobalSection
EndGlobal
